
Microsoft Visual Studio Solution File, Format Version 12.00
# Visual Studio Version 16
VisualStudioVersion = 16.0.31727.386
MinimumVisualStudioVersion = 10.0.40219.1
Project("{FAE04EC0-301F-11D3-BF4B-00C04F79EFBC}") = "Flappy.Bird", "Flappy.Bird.csproj", "{F950C7D0-BE60-4600-94C4-A8E14D6C6D74}"
EndProject
Global
	GlobalSection(SolutionConfigurationPlatforms) = preSolution
		Debug|Any CPU = Debug|Any CPU
		Release|Any CPU = Release|Any CPU
	EndGlobalSection
	GlobalSection(ProjectConfigurationPlatforms) = postSolution
		{F950C7D0-BE60-4600-94C4-A8E14D6C6D74}.Debug|Any CPU.ActiveCfg = Debug|Any CPU
		{F950C7D0-BE60-4600-94C4-A8E14D6C6D74}.Debug|Any CPU.Build.0 = Debug|Any CPU
		{F950C7D0-BE60-4600-94C4-A8E14D6C6D74}.Release|Any CPU.ActiveCfg = Release|Any CPU
		{F950C7D0-BE60-4600-94C4-A8E14D6C6D74}.Release|Any CPU.Build.0 = Release|Any CPU
	EndGlobalSection
	GlobalSection(SolutionProperties) = preSolution
		HideSolutionNode = FALSE
	EndGlobalSection
	GlobalSection(ExtensibilityGlobals) = postSolution
		SolutionGuid = {B8B4C2FA-13F5-4370-A7BF-7BA03F2A66F0}
	EndGlobalSection
EndGlobal
